# THIS IS AN AUTOGENERATED FILE. DO NOT EDIT THIS FILE DIRECTLY.
# yarn lockfile v1


d@1:
  version "1.0.0"
  resolved "https://registry.yarnpkg.com/d/-/d-1.0.0.tgz#754bb5bfe55451da69a58b94d45f4c5b0462d58f"
  dependencies:
    es5-ext "^0.10.9"

es5-ext@^0.10.12, es5-ext@^0.10.14, es5-ext@^0.10.9, es5-ext@~0.10.14:
  version "0.10.24"
  resolved "https://registry.yarnpkg.com/es5-ext/-/es5-ext-0.10.24.tgz#a55877c9924bc0c8d9bd3c2cbe17495ac1709b14"
  dependencies:
    es6-iterator "2"
    es6-symbol "~3.1"

es6-iterator@2:
  version "2.0.1"
  resolved "https://registry.yarnpkg.com/es6-iterator/-/es6-iterator-2.0.1.tgz#8e319c9f0453bf575d374940a655920e59ca5512"
  dependencies:
    d "1"
    es5-ext "^0.10.14"
    es6-symbol "^3.1"

es6-symbol@^3.1, es6-symbol@~3.1:
  version "3.1.1"
  resolved "https://registry.yarnpkg.com/es6-symbol/-/es6-symbol-3.1.1.tgz#bf00ef4fdab6ba1b46ecb7b629b4c7ed5715cc77"
  dependencies:
    d "1"
    es5-ext "~0.10.14"

es6-template-strings@^2.0.1:
  version "2.0.1"
  resolved "https://registry.yarnpkg.com/es6-template-strings/-/es6-template-strings-2.0.1.tgz#b166c6a62562f478bb7775f6ca96103a599b4b2c"
  dependencies:
    es5-ext "^0.10.12"
    esniff "^1.1"

esniff@^1.1:
  version "1.1.0"
  resolved "https://registry.yarnpkg.com/esniff/-/esniff-1.1.0.tgz#c66849229f91464dede2e0d40201ed6abf65f2ac"
  dependencies:
    d "1"
    es5-ext "^0.10.12"
